{
  "nodes": {
    "nixpkgs": {
      "locked": {
        "lastModified": 1651310835,
        "narHash": "sha256-MLk/zsLlbPhwFucxL64Fr+oIrvQC2/76Ap2F7ekbPNI=",
        "owner": "nixos",
        "repo": "nixpkgs",
        "rev": "fd3e33d696b81e76b30160dfad2efb7ac1f19879",
        "type": "github"
      },
      "original": {
        "owner": "nixos",
        "ref": "nixos-21.11",
        "repo": "nixpkgs",
        "type": "github"
      }
    },
    "root": {
      "inputs": {
        "nixpkgs": "nixpkgs"
      }
    }
  },
  "root": "root",
  "version": 7
}
